
Microsoft Visual Studio Solution File, Format Version 12.00
# Visual Studio Version 17
VisualStudioVersion = 17.14.36511.14
MinimumVisualStudioVersion = 10.0.40219.1
Project("{2150E333-8FDC-42A3-9474-1A3956D46DE8}") = "Task0", "Task0", "{02EA681E-C7D8-13C7-8484-4AC65E1B71E8}"
EndProject
Project("{FAE04EC0-301F-11D3-BF4B-00C04F79EFBC}") = "Tyuiu.YushkovaES.Sprint3.Task0.V8", "Tyuiu.YushkovaES.Sprint3.Task0.V8\Tyuiu.YushkovaES.Sprint3.Task0.V8.csproj", "{50F4B6ED-C6C3-423F-A1AB-917EE9CF3A3A}"
EndProject
Project("{FAE04EC0-301F-11D3-BF4B-00C04F79EFBC}") = "Tyuiu.YushkovaES.Sprint3.Task0.V8.Lib", "Tyuiu.YushkovaES.Sprint3.Task0.V8.Lib\Tyuiu.YushkovaES.Sprint3.Task0.V8.Lib.csproj", "{ABFE3AB6-C553-40C5-BC17-F38EB6353D41}"
EndProject
Project("{FAE04EC0-301F-11D3-BF4B-00C04F79EFBC}") = "Tyuiu.YushkovaES.Sprint3.Task0.V8.Test", "Tyuiu.YushkovaES.Sprint3.Task0.V8.Test\Tyuiu.YushkovaES.Sprint3.Task0.V8.Test.csproj", "{32AAC1DB-7CFF-4421-BC12-EFCE7F8E83D3}"
EndProject
Project("{2150E333-8FDC-42A3-9474-1A3956D46DE8}") = "Task1", "Task1", "{601AB383-5D22-4F31-A9C3-2B05DAAF81AF}"
EndProject
Project("{FAE04EC0-301F-11D3-BF4B-00C04F79EFBC}") = "Tyuiu.YushkovaES.Sprint3.Task1.V24", "Tyuiu.YushkovaES.Sprint3.Task1.V24\Tyuiu.YushkovaES.Sprint3.Task1.V24.csproj", "{468C8786-C28B-4080-96C3-541DE3231785}"
EndProject
Project("{FAE04EC0-301F-11D3-BF4B-00C04F79EFBC}") = "Tyuiu.YushkovaES.Sprint3.Task1.V24.Lib", "Tyuiu.YushkovaES.Sprint3.Task1.V24.Lib\Tyuiu.YushkovaES.Sprint3.Task1.V24.Lib.csproj", "{81462A30-0ACF-41D1-876E-21D37B4B812C}"
EndProject
Project("{FAE04EC0-301F-11D3-BF4B-00C04F79EFBC}") = "Tyuiu.YushkovaES.Sprint3.Task1.V24.Test", "Tyuiu.YushkovaES.Sprint3.Task1.V24.Test\Tyuiu.YushkovaES.Sprint3.Task1.V24.Test.csproj", "{A74DFAF3-3D53-45DB-A189-DFD34A8AB057}"
EndProject
Project("{2150E333-8FDC-42A3-9474-1A3956D46DE8}") = "Task2", "Task2", "{E17C966E-B161-44BA-A4DD-C2138639394F}"
EndProject
Project("{FAE04EC0-301F-11D3-BF4B-00C04F79EFBC}") = "Tyuiu.YushkovaES.Sprint3.Task2.V15", "Tyuiu.YushkovaES.Sprint3.Task2.V15\Tyuiu.YushkovaES.Sprint3.Task2.V15.csproj", "{CBA7D3F5-B2ED-418C-8027-10FA7573C67B}"
EndProject
Project("{FAE04EC0-301F-11D3-BF4B-00C04F79EFBC}") = "Tyuiu.YushkovaES.Sprint3.Task2.V15.Lib", "Tyuiu.YushkovaES.Sprint3.Task2.V15.Lib\Tyuiu.YushkovaES.Sprint3.Task2.V15.Lib.csproj", "{AE7F6144-A63E-44B1-88D9-987AB5D7E414}"
EndProject
Project("{FAE04EC0-301F-11D3-BF4B-00C04F79EFBC}") = "Tyuiu.YushkovaES.Sprint3.Task2.V15.Test", "Tyuiu.YushkovaES.Sprint3.Task2.V15.Test\Tyuiu.YushkovaES.Sprint3.Task2.V15.Test.csproj", "{123BDFBE-4D49-4C1C-A917-A5F0096FDAEC}"
EndProject
Project("{2150E333-8FDC-42A3-9474-1A3956D46DE8}") = "Task3", "Task3", "{E1C181E8-6C8C-4FBF-BA9C-4F179CA40B57}"
EndProject
Project("{FAE04EC0-301F-11D3-BF4B-00C04F79EFBC}") = "Tyuiu.YushkovaES.Sprint3.Task3.V11", "Tyuiu.YushkovaES.Sprint3.Task3.V11\Tyuiu.YushkovaES.Sprint3.Task3.V11.csproj", "{59A3A372-0338-4244-9F5F-58F0142CC420}"
EndProject
Project("{FAE04EC0-301F-11D3-BF4B-00C04F79EFBC}") = "Tyuiu.YushkovaES.Sprint3.Task3.V11.Lib", "Tyuiu.YushkovaES.Sprint3.Task3.V11.Lib\Tyuiu.YushkovaES.Sprint3.Task3.V11.Lib.csproj", "{BF78EBC4-EDCD-4AB7-938A-7A594B9A2E1E}"
EndProject
Project("{FAE04EC0-301F-11D3-BF4B-00C04F79EFBC}") = "Tyuiu.YushkovaES.Sprint3.Task3.V11.Test", "Tyuiu.YushkovaES.Sprint3.Task3.V11.Test\Tyuiu.YushkovaES.Sprint3.Task3.V11.Test.csproj", "{59DDB188-1ED6-48E2-A323-E19075D12377}"
EndProject
Global
	GlobalSection(SolutionConfigurationPlatforms) = preSolution
		Debug|Any CPU = Debug|Any CPU
		Release|Any CPU = Release|Any CPU
	EndGlobalSection
	GlobalSection(ProjectConfigurationPlatforms) = postSolution
		{50F4B6ED-C6C3-423F-A1AB-917EE9CF3A3A}.Debug|Any CPU.ActiveCfg = Debug|Any CPU
		{50F4B6ED-C6C3-423F-A1AB-917EE9CF3A3A}.Debug|Any CPU.Build.0 = Debug|Any CPU
		{50F4B6ED-C6C3-423F-A1AB-917EE9CF3A3A}.Release|Any CPU.ActiveCfg = Release|Any CPU
		{50F4B6ED-C6C3-423F-A1AB-917EE9CF3A3A}.Release|Any CPU.Build.0 = Release|Any CPU
		{ABFE3AB6-C553-40C5-BC17-F38EB6353D41}.Debug|Any CPU.ActiveCfg = Debug|Any CPU
		{ABFE3AB6-C553-40C5-BC17-F38EB6353D41}.Debug|Any CPU.Build.0 = Debug|Any CPU
		{ABFE3AB6-C553-40C5-BC17-F38EB6353D41}.Release|Any CPU.ActiveCfg = Release|Any CPU
		{ABFE3AB6-C553-40C5-BC17-F38EB6353D41}.Release|Any CPU.Build.0 = Release|Any CPU
		{32AAC1DB-7CFF-4421-BC12-EFCE7F8E83D3}.Debug|Any CPU.ActiveCfg = Debug|Any CPU
		{32AAC1DB-7CFF-4421-BC12-EFCE7F8E83D3}.Debug|Any CPU.Build.0 = Debug|Any CPU
		{32AAC1DB-7CFF-4421-BC12-EFCE7F8E83D3}.Release|Any CPU.ActiveCfg = Release|Any CPU
		{32AAC1DB-7CFF-4421-BC12-EFCE7F8E83D3}.Release|Any CPU.Build.0 = Release|Any CPU
		{468C8786-C28B-4080-96C3-541DE3231785}.Debug|Any CPU.ActiveCfg = Debug|Any CPU
		{468C8786-C28B-4080-96C3-541DE3231785}.Debug|Any CPU.Build.0 = Debug|Any CPU
		{468C8786-C28B-4080-96C3-541DE3231785}.Release|Any CPU.ActiveCfg = Release|Any CPU
		{468C8786-C28B-4080-96C3-541DE3231785}.Release|Any CPU.Build.0 = Release|Any CPU
		{81462A30-0ACF-41D1-876E-21D37B4B812C}.Debug|Any CPU.ActiveCfg = Debug|Any CPU
		{81462A30-0ACF-41D1-876E-21D37B4B812C}.Debug|Any CPU.Build.0 = Debug|Any CPU
		{81462A30-0ACF-41D1-876E-21D37B4B812C}.Release|Any CPU.ActiveCfg = Release|Any CPU
		{81462A30-0ACF-41D1-876E-21D37B4B812C}.Release|Any CPU.Build.0 = Release|Any CPU
		{A74DFAF3-3D53-45DB-A189-DFD34A8AB057}.Debug|Any CPU.ActiveCfg = Debug|Any CPU
		{A74DFAF3-3D53-45DB-A189-DFD34A8AB057}.Debug|Any CPU.Build.0 = Debug|Any CPU
		{A74DFAF3-3D53-45DB-A189-DFD34A8AB057}.Release|Any CPU.ActiveCfg = Release|Any CPU
		{A74DFAF3-3D53-45DB-A189-DFD34A8AB057}.Release|Any CPU.Build.0 = Release|Any CPU
		{CBA7D3F5-B2ED-418C-8027-10FA7573C67B}.Debug|Any CPU.ActiveCfg = Debug|Any CPU
		{CBA7D3F5-B2ED-418C-8027-10FA7573C67B}.Debug|Any CPU.Build.0 = Debug|Any CPU
		{CBA7D3F5-B2ED-418C-8027-10FA7573C67B}.Release|Any CPU.ActiveCfg = Release|Any CPU
		{CBA7D3F5-B2ED-418C-8027-10FA7573C67B}.Release|Any CPU.Build.0 = Release|Any CPU
		{AE7F6144-A63E-44B1-88D9-987AB5D7E414}.Debug|Any CPU.ActiveCfg = Debug|Any CPU
		{AE7F6144-A63E-44B1-88D9-987AB5D7E414}.Debug|Any CPU.Build.0 = Debug|Any CPU
		{AE7F6144-A63E-44B1-88D9-987AB5D7E414}.Release|Any CPU.ActiveCfg = Release|Any CPU
		{AE7F6144-A63E-44B1-88D9-987AB5D7E414}.Release|Any CPU.Build.0 = Release|Any CPU
		{123BDFBE-4D49-4C1C-A917-A5F0096FDAEC}.Debug|Any CPU.ActiveCfg = Debug|Any CPU
		{123BDFBE-4D49-4C1C-A917-A5F0096FDAEC}.Debug|Any CPU.Build.0 = Debug|Any CPU
		{123BDFBE-4D49-4C1C-A917-A5F0096FDAEC}.Release|Any CPU.ActiveCfg = Release|Any CPU
		{123BDFBE-4D49-4C1C-A917-A5F0096FDAEC}.Release|Any CPU.Build.0 = Release|Any CPU
		{59A3A372-0338-4244-9F5F-58F0142CC420}.Debug|Any CPU.ActiveCfg = Debug|Any CPU
		{59A3A372-0338-4244-9F5F-58F0142CC420}.Debug|Any CPU.Build.0 = Debug|Any CPU
		{59A3A372-0338-4244-9F5F-58F0142CC420}.Release|Any CPU.ActiveCfg = Release|Any CPU
		{59A3A372-0338-4244-9F5F-58F0142CC420}.Release|Any CPU.Build.0 = Release|Any CPU
		{BF78EBC4-EDCD-4AB7-938A-7A594B9A2E1E}.Debug|Any CPU.ActiveCfg = Debug|Any CPU
		{BF78EBC4-EDCD-4AB7-938A-7A594B9A2E1E}.Debug|Any CPU.Build.0 = Debug|Any CPU
		{BF78EBC4-EDCD-4AB7-938A-7A594B9A2E1E}.Release|Any CPU.ActiveCfg = Release|Any CPU
		{BF78EBC4-EDCD-4AB7-938A-7A594B9A2E1E}.Release|Any CPU.Build.0 = Release|Any CPU
		{59DDB188-1ED6-48E2-A323-E19075D12377}.Debug|Any CPU.ActiveCfg = Debug|Any CPU
		{59DDB188-1ED6-48E2-A323-E19075D12377}.Debug|Any CPU.Build.0 = Debug|Any CPU
		{59DDB188-1ED6-48E2-A323-E19075D12377}.Release|Any CPU.ActiveCfg = Release|Any CPU
		{59DDB188-1ED6-48E2-A323-E19075D12377}.Release|Any CPU.Build.0 = Release|Any CPU
	EndGlobalSection
	GlobalSection(SolutionProperties) = preSolution
		HideSolutionNode = FALSE
	EndGlobalSection
	GlobalSection(NestedProjects) = preSolution
		{50F4B6ED-C6C3-423F-A1AB-917EE9CF3A3A} = {02EA681E-C7D8-13C7-8484-4AC65E1B71E8}
		{ABFE3AB6-C553-40C5-BC17-F38EB6353D41} = {02EA681E-C7D8-13C7-8484-4AC65E1B71E8}
		{32AAC1DB-7CFF-4421-BC12-EFCE7F8E83D3} = {02EA681E-C7D8-13C7-8484-4AC65E1B71E8}
		{468C8786-C28B-4080-96C3-541DE3231785} = {601AB383-5D22-4F31-A9C3-2B05DAAF81AF}
		{81462A30-0ACF-41D1-876E-21D37B4B812C} = {601AB383-5D22-4F31-A9C3-2B05DAAF81AF}
		{A74DFAF3-3D53-45DB-A189-DFD34A8AB057} = {601AB383-5D22-4F31-A9C3-2B05DAAF81AF}
		{CBA7D3F5-B2ED-418C-8027-10FA7573C67B} = {E17C966E-B161-44BA-A4DD-C2138639394F}
		{AE7F6144-A63E-44B1-88D9-987AB5D7E414} = {E17C966E-B161-44BA-A4DD-C2138639394F}
		{123BDFBE-4D49-4C1C-A917-A5F0096FDAEC} = {E17C966E-B161-44BA-A4DD-C2138639394F}
		{59A3A372-0338-4244-9F5F-58F0142CC420} = {E1C181E8-6C8C-4FBF-BA9C-4F179CA40B57}
		{BF78EBC4-EDCD-4AB7-938A-7A594B9A2E1E} = {E1C181E8-6C8C-4FBF-BA9C-4F179CA40B57}
		{59DDB188-1ED6-48E2-A323-E19075D12377} = {E1C181E8-6C8C-4FBF-BA9C-4F179CA40B57}
	EndGlobalSection
	GlobalSection(ExtensibilityGlobals) = postSolution
		SolutionGuid = {80F83D84-92A5-453E-86F5-E120132F06BA}
	EndGlobalSection
EndGlobal
